// !$*UTF8*$!
{
	archiveVersion = 1;
	classes = {
	};
	objectVersion = 50;
	objects = {

/* Begin PBXBuildFile section */
		8453DEE0225A742700B2F515 /* PinsMapController+Handle.swift in Sources */ = {isa = PBXBuildFile; fileRef = 8453DEDF225A742700B2F515 /* PinsMapController+Handle.swift */; };
		8453DEE2225A76E400B2F515 /* PinsMapController+CustomPin.swift in Sources */ = {isa = PBXBuildFile; fileRef = 8453DEE1225A76E300B2F515 /* PinsMapController+CustomPin.swift */; };
		8453DEE9225A7AD000B2F515 /* FlickrDataModels.xcdatamodeld in Sources */ = {isa = PBXBuildFile; fileRef = 8453DEE7225A7AD000B2F515 /* FlickrDataModels.xcdatamodeld */; };
		8453DEEB225A7B7500B2F515 /* DataController.swift in Sources */ = {isa = PBXBuildFile; fileRef = 8453DEEA225A7B7500B2F515 /* DataController.swift */; };
		8453DEED225A7B9700B2F515 /* Pin+Extensions.swift in Sources */ = {isa = PBXBuildFile; fileRef = 8453DEEC225A7B9700B2F515 /* Pin+Extensions.swift */; };
		8453DEEF225A834E00B2F515 /* PinsMapController+NSFetchedResults.swift in Sources */ = {isa = PBXBuildFile; fileRef = 8453DEEE225A834E00B2F515 /* PinsMapController+NSFetchedResults.swift */; };
		8453DEF1225A846F00B2F515 /* PinsMapController+MapKit.swift in Sources */ = {isa = PBXBuildFile; fileRef = 8453DEF0225A846E00B2F515 /* PinsMapController+MapKit.swift */; };
		8453DEF7225BA35F00B2F515 /* flickr.photos.search.swift in Sources */ = {isa = PBXBuildFile; fileRef = 8453DEF4225BA35E00B2F515 /* flickr.photos.search.swift */; };
		8453DEF8225BA35F00B2F515 /* flickr.photos.getInfo.swift in Sources */ = {isa = PBXBuildFile; fileRef = 8453DEF5225BA35E00B2F515 /* flickr.photos.getInfo.swift */; };
		8453DEF9225BA35F00B2F515 /* flickr.photos.getSizes.swift in Sources */ = {isa = PBXBuildFile; fileRef = 8453DEF6225BA35E00B2F515 /* flickr.photos.getSizes.swift */; };
		8453DEFB225BA3DD00B2F515 /* FlickrClient.swift in Sources */ = {isa = PBXBuildFile; fileRef = 8453DEFA225BA3DD00B2F515 /* FlickrClient.swift */; };
		8453DEFD225BA43B00B2F515 /* UNSYNC.swift in Sources */ = {isa = PBXBuildFile; fileRef = 8453DEFC225BA43B00B2F515 /* UNSYNC.swift */; };
		8453DF02225BCF7200B2F515 /* FinalCollectionLoadingCell.swift in Sources */ = {isa = PBXBuildFile; fileRef = 8453DEFF225BCF7200B2F515 /* FinalCollectionLoadingCell.swift */; };
		8453DF03225BCF7200B2F515 /* FinalCollectionSelectedImageCell.swift in Sources */ = {isa = PBXBuildFile; fileRef = 8453DF00225BCF7200B2F515 /* FinalCollectionSelectedImageCell.swift */; };
		8453DF04225BCF7200B2F515 /* FinalCollectionImageCell.swift in Sources */ = {isa = PBXBuildFile; fileRef = 8453DF01225BCF7200B2F515 /* FinalCollectionImageCell.swift */; };
		8453DF06225BD0D300B2F515 /* CollectionMapViewsController+MapKit.swift in Sources */ = {isa = PBXBuildFile; fileRef = 8453DF05225BD0D300B2F515 /* CollectionMapViewsController+MapKit.swift */; };
		8453DF08225BD10400B2F515 /* CollectionMapViewsController+Protocol.swift in Sources */ = {isa = PBXBuildFile; fileRef = 8453DF07225BD10400B2F515 /* CollectionMapViewsController+Protocol.swift */; };
		8453DF0A225BD12500B2F515 /* CollectionMapViewsController+NSFetchedResults.swift in Sources */ = {isa = PBXBuildFile; fileRef = 8453DF09225BD12500B2F515 /* CollectionMapViewsController+NSFetchedResults.swift */; };
		8453DF0C225BD37500B2F515 /* CollectionMapViewsController+CollectionView.swift in Sources */ = {isa = PBXBuildFile; fileRef = 8453DF0B225BD37500B2F515 /* CollectionMapViewsController+CollectionView.swift */; };
		8453DF0E225C4C0800B2F515 /* CollectionMapViewsController+Handlers.swift in Sources */ = {isa = PBXBuildFile; fileRef = 8453DF0D225C4C0800B2F515 /* CollectionMapViewsController+Handlers.swift */; };
		84E0DC4D225A69B40018A8D5 /* AppDelegate.swift in Sources */ = {isa = PBXBuildFile; fileRef = 84E0DC4C225A69B40018A8D5 /* AppDelegate.swift */; };
		84E0DC67225A6A1A0018A8D5 /* Assets.xcassets in Resources */ = {isa = PBXBuildFile; fileRef = 84E0DC61225A6A190018A8D5 /* Assets.xcassets */; };
		84E0DC68225A6A1A0018A8D5 /* LaunchScreen.storyboard in Resources */ = {isa = PBXBuildFile; fileRef = 84E0DC62225A6A190018A8D5 /* LaunchScreen.storyboard */; };
		84E0DC69225A6A1A0018A8D5 /* UIColor+Extension.swift in Sources */ = {isa = PBXBuildFile; fileRef = 84E0DC63225A6A190018A8D5 /* UIColor+Extension.swift */; };
		84E0DC6B225A6A1A0018A8D5 /* UIView+Extensions.swift in Sources */ = {isa = PBXBuildFile; fileRef = 84E0DC66225A6A190018A8D5 /* UIView+Extensions.swift */; };
		84FDC5D3225A72CD009323EA /* PinsMapController.swift in Sources */ = {isa = PBXBuildFile; fileRef = 84FDC5D2225A72CD009323EA /* PinsMapController.swift */; };
		84FDC5D5225A72D3009323EA /* CollectionMapViewsController.swift in Sources */ = {isa = PBXBuildFile; fileRef = 84FDC5D4225A72D3009323EA /* CollectionMapViewsController.swift */; };
		84FDC5D9225A7390009323EA /* PinsMapController+UI.swift in Sources */ = {isa = PBXBuildFile; fileRef = 84FDC5D8225A7390009323EA /* PinsMapController+UI.swift */; };
/* End PBXBuildFile section */

/* Begin PBXFileReference section */
		8453DEDF225A742700B2F515 /* PinsMapController+Handle.swift */ = {isa = PBXFileReference; lastKnownFileType = sourcecode.swift; path = "PinsMapController+Handle.swift"; sourceTree = "<group>"; };
		8453DEE1225A76E300B2F515 /* PinsMapController+CustomPin.swift */ = {isa = PBXFileReference; fileEncoding = 4; lastKnownFileType = sourcecode.swift; path = "PinsMapController+CustomPin.swift"; sourceTree = "<group>"; };
		8453DEE8225A7AD000B2F515 /* FlickrDataModels.xcdatamodel */ = {isa = PBXFileReference; lastKnownFileType = wrapper.xcdatamodel; path = FlickrDataModels.xcdatamodel; sourceTree = "<group>"; };
		8453DEEA225A7B7500B2F515 /* DataController.swift */ = {isa = PBXFileReference; lastKnownFileType = sourcecode.swift; path = DataController.swift; sourceTree = "<group>"; };
		8453DEEC225A7B9700B2F515 /* Pin+Extensions.swift */ = {isa = PBXFileReference; fileEncoding = 4; lastKnownFileType = sourcecode.swift; path = "Pin+Extensions.swift"; sourceTree = "<group>"; };
		8453DEEE225A834E00B2F515 /* PinsMapController+NSFetchedResults.swift */ = {isa = PBXFileReference; lastKnownFileType = sourcecode.swift; path = "PinsMapController+NSFetchedResults.swift"; sourceTree = "<group>"; };
		8453DEF0225A846E00B2F515 /* PinsMapController+MapKit.swift */ = {isa = PBXFileReference; lastKnownFileType = sourcecode.swift; path = "PinsMapController+MapKit.swift"; sourceTree = "<group>"; };
		8453DEF4225BA35E00B2F515 /* flickr.photos.search.swift */ = {isa = PBXFileReference; fileEncoding = 4; lastKnownFileType = sourcecode.swift; path = flickr.photos.search.swift; sourceTree = "<group>"; };
		8453DEF5225BA35E00B2F515 /* flickr.photos.getInfo.swift */ = {isa = PBXFileReference; fileEncoding = 4; lastKnownFileType = sourcecode.swift; path = flickr.photos.getInfo.swift; sourceTree = "<group>"; };
		8453DEF6225BA35E00B2F515 /* flickr.photos.getSizes.swift */ = {isa = PBXFileReference; fileEncoding = 4; lastKnownFileType = sourcecode.swift; path = flickr.photos.getSizes.swift; sourceTree = "<group>"; };
		8453DEFA225BA3DD00B2F515 /* FlickrClient.swift */ = {isa = PBXFileReference; lastKnownFileType = sourcecode.swift; path = FlickrClient.swift; sourceTree = "<group>"; };
		8453DEFC225BA43B00B2F515 /* UNSYNC.swift */ = {isa = PBXFileReference; fileEncoding = 4; lastKnownFileType = sourcecode.swift; path = UNSYNC.swift; sourceTree = "<group>"; };
		8453DEFF225BCF7200B2F515 /* FinalCollectionLoadingCell.swift */ = {isa = PBXFileReference; fileEncoding = 4; lastKnownFileType = sourcecode.swift; path = FinalCollectionLoadingCell.swift; sourceTree = "<group>"; };
		8453DF00225BCF7200B2F515 /* FinalCollectionSelectedImageCell.swift */ = {isa = PBXFileReference; fileEncoding = 4; lastKnownFileType = sourcecode.swift; path = FinalCollectionSelectedImageCell.swift; sourceTree = "<group>"; };
		8453DF01225BCF7200B2F515 /* FinalCollectionImageCell.swift */ = {isa = PBXFileReference; fileEncoding = 4; lastKnownFileType = sourcecode.swift; path = FinalCollectionImageCell.swift; sourceTree = "<group>"; };
		8453DF05225BD0D300B2F515 /* CollectionMapViewsController+MapKit.swift */ = {isa = PBXFileReference; lastKnownFileType = sourcecode.swift; path = "CollectionMapViewsController+MapKit.swift"; sourceTree = "<group>"; };
		8453DF07225BD10400B2F515 /* CollectionMapViewsController+Protocol.swift */ = {isa = PBXFileReference; lastKnownFileType = sourcecode.swift; path = "CollectionMapViewsController+Protocol.swift"; sourceTree = "<group>"; };
		8453DF09225BD12500B2F515 /* CollectionMapViewsController+NSFetchedResults.swift */ = {isa = PBXFileReference; lastKnownFileType = sourcecode.swift; path = "CollectionMapViewsController+NSFetchedResults.swift"; sourceTree = "<group>"; };
		8453DF0B225BD37500B2F515 /* CollectionMapViewsController+CollectionView.swift */ = {isa = PBXFileReference; lastKnownFileType = sourcecode.swift; path = "CollectionMapViewsController+CollectionView.swift"; sourceTree = "<group>"; };
		8453DF0D225C4C0800B2F515 /* CollectionMapViewsController+Handlers.swift */ = {isa = PBXFileReference; lastKnownFileType = sourcecode.swift; path = "CollectionMapViewsController+Handlers.swift"; sourceTree = "<group>"; };
		84E0DC49225A69B40018A8D5 /* __Virtual_Tourist.app */ = {isa = PBXFileReference; explicitFileType = wrapper.application; includeInIndex = 0; path = __Virtual_Tourist.app; sourceTree = BUILT_PRODUCTS_DIR; };
		84E0DC4C225A69B40018A8D5 /* AppDelegate.swift */ = {isa = PBXFileReference; lastKnownFileType = sourcecode.swift; path = AppDelegate.swift; sourceTree = "<group>"; };
		84E0DC58225A69B50018A8D5 /* Info.plist */ = {isa = PBXFileReference; lastKnownFileType = text.plist.xml; path = Info.plist; sourceTree = "<group>"; };
		84E0DC61225A6A190018A8D5 /* Assets.xcassets */ = {isa = PBXFileReference; lastKnownFileType = folder.assetcatalog; path = Assets.xcassets; sourceTree = "<group>"; };
		84E0DC62225A6A190018A8D5 /* LaunchScreen.storyboard */ = {isa = PBXFileReference; fileEncoding = 4; lastKnownFileType = file.storyboard; path = LaunchScreen.storyboard; sourceTree = "<group>"; };
		84E0DC63225A6A190018A8D5 /* UIColor+Extension.swift */ = {isa = PBXFileReference; fileEncoding = 4; lastKnownFileType = sourcecode.swift; path = "UIColor+Extension.swift"; sourceTree = "<group>"; };
		84E0DC66225A6A190018A8D5 /* UIView+Extensions.swift */ = {isa = PBXFileReference; fileEncoding = 4; lastKnownFileType = sourcecode.swift; path = "UIView+Extensions.swift"; sourceTree = "<group>"; };
		84FDC5D2225A72CD009323EA /* PinsMapController.swift */ = {isa = PBXFileReference; lastKnownFileType = sourcecode.swift; path = PinsMapController.swift; sourceTree = "<group>"; };
		84FDC5D4225A72D3009323EA /* CollectionMapViewsController.swift */ = {isa = PBXFileReference; lastKnownFileType = sourcecode.swift; path = CollectionMapViewsController.swift; sourceTree = "<group>"; };
		84FDC5D8225A7390009323EA /* PinsMapController+UI.swift */ = {isa = PBXFileReference; lastKnownFileType = sourcecode.swift; path = "PinsMapController+UI.swift"; sourceTree = "<group>"; };
/* End PBXFileReference section */

/* Begin PBXFrameworksBuildPhase section */
		84E0DC46225A69B40018A8D5 /* Frameworks */ = {
			isa = PBXFrameworksBuildPhase;
			buildActionMask = 2147483647;
			files = (
			);
			runOnlyForDeploymentPostprocessing = 0;
		};
/* End PBXFrameworksBuildPhase section */

/* Begin PBXGroup section */
		8453DEE3225A76EB00B2F515 /* Custom Pin Class */ = {
			isa = PBXGroup;
			children = (
				8453DEE1225A76E300B2F515 /* PinsMapController+CustomPin.swift */,
			);
			path = "Custom Pin Class";
			sourceTree = "<group>";
		};
		8453DEF2225BA30900B2F515 /* Core Data */ = {
			isa = PBXGroup;
			children = (
				8453DEE7225A7AD000B2F515 /* FlickrDataModels.xcdatamodeld */,
				8453DEEA225A7B7500B2F515 /* DataController.swift */,
				8453DEEC225A7B9700B2F515 /* Pin+Extensions.swift */,
			);
			path = "Core Data";
			sourceTree = "<group>";
		};
		8453DEF3225BA31E00B2F515 /* Flickr API */ = {
			isa = PBXGroup;
			children = (
				8453DEF5225BA35E00B2F515 /* flickr.photos.getInfo.swift */,
				8453DEF6225BA35E00B2F515 /* flickr.photos.getSizes.swift */,
				8453DEF4225BA35E00B2F515 /* flickr.photos.search.swift */,
				8453DEFA225BA3DD00B2F515 /* FlickrClient.swift */,
			);
			path = "Flickr API";
			sourceTree = "<group>";
		};
		8453DEFE225BCF4100B2F515 /* Collection_Cells */ = {
			isa = PBXGroup;
			children = (
				8453DF01225BCF7200B2F515 /* FinalCollectionImageCell.swift */,
				8453DEFF225BCF7200B2F515 /* FinalCollectionLoadingCell.swift */,
				8453DF00225BCF7200B2F515 /* FinalCollectionSelectedImageCell.swift */,
			);
			path = Collection_Cells;
			sourceTree = "<group>";
		};
		84E0DC40225A69B40018A8D5 = {
			isa = PBXGroup;
			children = (
				84E0DC4B225A69B40018A8D5 /* __Virtual_Tourist */,
				84E0DC4A225A69B40018A8D5 /* Products */,
			);
			sourceTree = "<group>";
		};
		84E0DC4A225A69B40018A8D5 /* Products */ = {
			isa = PBXGroup;
			children = (
				84E0DC49225A69B40018A8D5 /* __Virtual_Tourist.app */,
			);
			name = Products;
			sourceTree = "<group>";
		};
		84E0DC4B225A69B40018A8D5 /* __Virtual_Tourist */ = {
			isa = PBXGroup;
			children = (
				84E0DC5E225A69FD0018A8D5 /* Models */,
				84E0DC60225A6A090018A8D5 /* Controllers */,
				84E0DC5F225A6A030018A8D5 /* Views */,
				84E0DC4C225A69B40018A8D5 /* AppDelegate.swift */,
				84E0DC58225A69B50018A8D5 /* Info.plist */,
				8453DEFC225BA43B00B2F515 /* UNSYNC.swift */,
			);
			path = __Virtual_Tourist;
			sourceTree = "<group>";
		};
		84E0DC5E225A69FD0018A8D5 /* Models */ = {
			isa = PBXGroup;
			children = (
				8453DEF2225BA30900B2F515 /* Core Data */,
				8453DEF3225BA31E00B2F515 /* Flickr API */,
			);
			path = Models;
			sourceTree = "<group>";
		};
		84E0DC5F225A6A030018A8D5 /* Views */ = {
			isa = PBXGroup;
			children = (
				84E0DC61225A6A190018A8D5 /* Assets.xcassets */,
				84E0DC62225A6A190018A8D5 /* LaunchScreen.storyboard */,
				84E0DC63225A6A190018A8D5 /* UIColor+Extension.swift */,
				84E0DC66225A6A190018A8D5 /* UIView+Extensions.swift */,
			);
			path = Views;
			sourceTree = "<group>";
		};
		84E0DC60225A6A090018A8D5 /* Controllers */ = {
			isa = PBXGroup;
			children = (
				84FDC5D6225A72E7009323EA /* 1 */,
				84FDC5D7225A72EB009323EA /* 2 */,
			);
			path = Controllers;
			sourceTree = "<group>";
		};
		84FDC5D6225A72E7009323EA /* 1 */ = {
			isa = PBXGroup;
			children = (
				8453DEE3225A76EB00B2F515 /* Custom Pin Class */,
				84FDC5D2225A72CD009323EA /* PinsMapController.swift */,
				8453DEDF225A742700B2F515 /* PinsMapController+Handle.swift */,
				8453DEEE225A834E00B2F515 /* PinsMapController+NSFetchedResults.swift */,
				84FDC5D8225A7390009323EA /* PinsMapController+UI.swift */,
				8453DEF0225A846E00B2F515 /* PinsMapController+MapKit.swift */,
			);
			path = 1;
			sourceTree = "<group>";
		};
		84FDC5D7225A72EB009323EA /* 2 */ = {
			isa = PBXGroup;
			children = (
				8453DEFE225BCF4100B2F515 /* Collection_Cells */,
				84FDC5D4225A72D3009323EA /* CollectionMapViewsController.swift */,
				8453DF0D225C4C0800B2F515 /* CollectionMapViewsController+Handlers.swift */,
				8453DF0B225BD37500B2F515 /* CollectionMapViewsController+CollectionView.swift */,
				8453DF09225BD12500B2F515 /* CollectionMapViewsController+NSFetchedResults.swift */,
				8453DF05225BD0D300B2F515 /* CollectionMapViewsController+MapKit.swift */,
				8453DF07225BD10400B2F515 /* CollectionMapViewsController+Protocol.swift */,
			);
			path = 2;
			sourceTree = "<group>";
		};
/* End PBXGroup section */

/* Begin PBXNativeTarget section */
		84E0DC48225A69B40018A8D5 /* __Virtual_Tourist */ = {
			isa = PBXNativeTarget;
			buildConfigurationList = 84E0DC5B225A69B50018A8D5 /* Build configuration list for PBXNativeTarget "__Virtual_Tourist" */;
			buildPhases = (
				84E0DC45225A69B40018A8D5 /* Sources */,
				84E0DC46225A69B40018A8D5 /* Frameworks */,
				84E0DC47225A69B40018A8D5 /* Resources */,
			);
			buildRules = (
			);
			dependencies = (
			);
			name = __Virtual_Tourist;
			productName = __Virtual_Tourist;
			productReference = 84E0DC49225A69B40018A8D5 /* __Virtual_Tourist.app */;
			productType = "com.apple.product-type.application";
		};
/* End PBXNativeTarget section */

/* Begin PBXProject section */
		84E0DC41225A69B40018A8D5 /* Project object */ = {
			isa = PBXProject;
			attributes = {
				LastSwiftUpdateCheck = 1010;
				LastUpgradeCheck = 1010;
				ORGANIZATIONNAME = admin;
				TargetAttributes = {
					84E0DC48225A69B40018A8D5 = {
						CreatedOnToolsVersion = 10.1;
					};
				};
			};
			buildConfigurationList = 84E0DC44225A69B40018A8D5 /* Build configuration list for PBXProject "__Virtual_Tourist" */;
			compatibilityVersion = "Xcode 9.3";
			developmentRegion = en;
			hasScannedForEncodings = 0;
			knownRegions = (
				en,
				Base,
			);
			mainGroup = 84E0DC40225A69B40018A8D5;
			productRefGroup = 84E0DC4A225A69B40018A8D5 /* Products */;
			projectDirPath = "";
			projectRoot = "";
			targets = (
				84E0DC48225A69B40018A8D5 /* __Virtual_Tourist */,
			);
		};
/* End PBXProject section */

/* Begin PBXResourcesBuildPhase section */
		84E0DC47225A69B40018A8D5 /* Resources */ = {
			isa = PBXResourcesBuildPhase;
			buildActionMask = 2147483647;
			files = (
				84E0DC67225A6A1A0018A8D5 /* Assets.xcassets in Resources */,
				84E0DC68225A6A1A0018A8D5 /* LaunchScreen.storyboard in Resources */,
			);
			runOnlyForDeploymentPostprocessing = 0;
		};
/* End PBXResourcesBuildPhase section */

/* Begin PBXSourcesBuildPhase section */
		84E0DC45225A69B40018A8D5 /* Sources */ = {
			isa = PBXSourcesBuildPhase;
			buildActionMask = 2147483647;
			files = (
				8453DEEF225A834E00B2F515 /* PinsMapController+NSFetchedResults.swift in Sources */,
				8453DF04225BCF7200B2F515 /* FinalCollectionImageCell.swift in Sources */,
				8453DEED225A7B9700B2F515 /* Pin+Extensions.swift in Sources */,
				8453DEE9225A7AD000B2F515 /* FlickrDataModels.xcdatamodeld in Sources */,
				84FDC5D9225A7390009323EA /* PinsMapController+UI.swift in Sources */,
				84E0DC69225A6A1A0018A8D5 /* UIColor+Extension.swift in Sources */,
				8453DF0E225C4C0800B2F515 /* CollectionMapViewsController+Handlers.swift in Sources */,
				8453DEE0225A742700B2F515 /* PinsMapController+Handle.swift in Sources */,
				8453DEF1225A846F00B2F515 /* PinsMapController+MapKit.swift in Sources */,
				84E0DC6B225A6A1A0018A8D5 /* UIView+Extensions.swift in Sources */,
				8453DF08225BD10400B2F515 /* CollectionMapViewsController+Protocol.swift in Sources */,
				8453DEEB225A7B7500B2F515 /* DataController.swift in Sources */,
				8453DF0A225BD12500B2F515 /* CollectionMapViewsController+NSFetchedResults.swift in Sources */,
				8453DEF9225BA35F00B2F515 /* flickr.photos.getSizes.swift in Sources */,
				84FDC5D5225A72D3009323EA /* CollectionMapViewsController.swift in Sources */,
				8453DEFD225BA43B00B2F515 /* UNSYNC.swift in Sources */,
				8453DEF8225BA35F00B2F515 /* flickr.photos.getInfo.swift in Sources */,
				8453DEFB225BA3DD00B2F515 /* FlickrClient.swift in Sources */,
				84FDC5D3225A72CD009323EA /* PinsMapController.swift in Sources */,
				8453DF0C225BD37500B2F515 /* CollectionMapViewsController+CollectionView.swift in Sources */,
				8453DF03225BCF7200B2F515 /* FinalCollectionSelectedImageCell.swift in Sources */,
				8453DF06225BD0D300B2F515 /* CollectionMapViewsController+MapKit.swift in Sources */,
				8453DF02225BCF7200B2F515 /* FinalCollectionLoadingCell.swift in Sources */,
				8453DEF7225BA35F00B2F515 /* flickr.photos.search.swift in Sources */,
				8453DEE2225A76E400B2F515 /* PinsMapController+CustomPin.swift in Sources */,
				84E0DC4D225A69B40018A8D5 /* AppDelegate.swift in Sources */,
			);
			runOnlyForDeploymentPostprocessing = 0;
		};
/* End PBXSourcesBuildPhase section */

/* Begin XCBuildConfiguration section */
		84E0DC59225A69B50018A8D5 /* Debug */ = {
			isa = XCBuildConfiguration;
			buildSettings = {
				ALWAYS_SEARCH_USER_PATHS = NO;
				CLANG_ANALYZER_NONNULL = YES;
				CLANG_ANALYZER_NUMBER_OBJECT_CONVERSION = YES_AGGRESSIVE;
				CLANG_CXX_LANGUAGE_STANDARD = "gnu++14";
				CLANG_CXX_LIBRARY = "libc++";
				CLANG_ENABLE_MODULES = YES;
				CLANG_ENABLE_OBJC_ARC = YES;
				CLANG_ENABLE_OBJC_WEAK = YES;
				CLANG_WARN_BLOCK_CAPTURE_AUTORELEASING = YES;
				CLANG_WARN_BOOL_CONVERSION = YES;
				CLANG_WARN_COMMA = YES;
				CLANG_WARN_CONSTANT_CONVERSION = YES;
				CLANG_WARN_DEPRECATED_OBJC_IMPLEMENTATIONS = YES;
				CLANG_WARN_DIRECT_OBJC_ISA_USAGE = YES_ERROR;
				CLANG_WARN_DOCUMENTATION_COMMENTS = YES;
				CLANG_WARN_EMPTY_BODY = YES;
				CLANG_WARN_ENUM_CONVERSION = YES;
				CLANG_WARN_INFINITE_RECURSION = YES;
				CLANG_WARN_INT_CONVERSION = YES;
				CLANG_WARN_NON_LITERAL_NULL_CONVERSION = YES;
				CLANG_WARN_OBJC_IMPLICIT_RETAIN_SELF = YES;
				CLANG_WARN_OBJC_LITERAL_CONVERSION = YES;
				CLANG_WARN_OBJC_ROOT_CLASS = YES_ERROR;
				CLANG_WARN_RANGE_LOOP_ANALYSIS = YES;
				CLANG_WARN_STRICT_PROTOTYPES = YES;
				CLANG_WARN_SUSPICIOUS_MOVE = YES;
				CLANG_WARN_UNGUARDED_AVAILABILITY = YES_AGGRESSIVE;
				CLANG_WARN_UNREACHABLE_CODE = YES;
				CLANG_WARN__DUPLICATE_METHOD_MATCH = YES;
				CODE_SIGN_IDENTITY = "iPhone Developer";
				COPY_PHASE_STRIP = NO;
				DEBUG_INFORMATION_FORMAT = dwarf;
				ENABLE_STRICT_OBJC_MSGSEND = YES;
				ENABLE_TESTABILITY = YES;
				GCC_C_LANGUAGE_STANDARD = gnu11;
				GCC_DYNAMIC_NO_PIC = NO;
				GCC_NO_COMMON_BLOCKS = YES;
				GCC_OPTIMIZATION_LEVEL = 0;
				GCC_PREPROCESSOR_DEFINITIONS = (
					"DEBUG=1",
					"$(inherited)",
				);
				GCC_WARN_64_TO_32_BIT_CONVERSION = YES;
				GCC_WARN_ABOUT_RETURN_TYPE = YES_ERROR;
				GCC_WARN_UNDECLARED_SELECTOR = YES;
				GCC_WARN_UNINITIALIZED_AUTOS = YES_AGGRESSIVE;
				GCC_WARN_UNUSED_FUNCTION = YES;
				GCC_WARN_UNUSED_VARIABLE = YES;
				IPHONEOS_DEPLOYMENT_TARGET = 12.1;
				MTL_ENABLE_DEBUG_INFO = INCLUDE_SOURCE;
				MTL_FAST_MATH = YES;
				ONLY_ACTIVE_ARCH = YES;
				SDKROOT = iphoneos;
				SWIFT_ACTIVE_COMPILATION_CONDITIONS = DEBUG;
				SWIFT_OPTIMIZATION_LEVEL = "-Onone";
			};
			name = Debug;
		};
		84E0DC5A225A69B50018A8D5 /* Release */ = {
			isa = XCBuildConfiguration;
			buildSettings = {
				ALWAYS_SEARCH_USER_PATHS = NO;
				CLANG_ANALYZER_NONNULL = YES;
				CLANG_ANALYZER_NUMBER_OBJECT_CONVERSION = YES_AGGRESSIVE;
				CLANG_CXX_LANGUAGE_STANDARD = "gnu++14";
				CLANG_CXX_LIBRARY = "libc++";
				CLANG_ENABLE_MODULES = YES;
				CLANG_ENABLE_OBJC_ARC = YES;
				CLANG_ENABLE_OBJC_WEAK = YES;
				CLANG_WARN_BLOCK_CAPTURE_AUTORELEASING = YES;
				CLANG_WARN_BOOL_CONVERSION = YES;
				CLANG_WARN_COMMA = YES;
				CLANG_WARN_CONSTANT_CONVERSION = YES;
				CLANG_WARN_DEPRECATED_OBJC_IMPLEMENTATIONS = YES;
				CLANG_WARN_DIRECT_OBJC_ISA_USAGE = YES_ERROR;
				CLANG_WARN_DOCUMENTATION_COMMENTS = YES;
				CLANG_WARN_EMPTY_BODY = YES;
				CLANG_WARN_ENUM_CONVERSION = YES;
				CLANG_WARN_INFINITE_RECURSION = YES;
				CLANG_WARN_INT_CONVERSION = YES;
				CLANG_WARN_NON_LITERAL_NULL_CONVERSION = YES;
				CLANG_WARN_OBJC_IMPLICIT_RETAIN_SELF = YES;
				CLANG_WARN_OBJC_LITERAL_CONVERSION = YES;
				CLANG_WARN_OBJC_ROOT_CLASS = YES_ERROR;
				CLANG_WARN_RANGE_LOOP_ANALYSIS = YES;
				CLANG_WARN_STRICT_PROTOTYPES = YES;
				CLANG_WARN_SUSPICIOUS_MOVE = YES;
				CLANG_WARN_UNGUARDED_AVAILABILITY = YES_AGGRESSIVE;
				CLANG_WARN_UNREACHABLE_CODE = YES;
				CLANG_WARN__DUPLICATE_METHOD_MATCH = YES;
				CODE_SIGN_IDENTITY = "iPhone Developer";
				COPY_PHASE_STRIP = NO;
				DEBUG_INFORMATION_FORMAT = "dwarf-with-dsym";
				ENABLE_NS_ASSERTIONS = NO;
				ENABLE_STRICT_OBJC_MSGSEND = YES;
				GCC_C_LANGUAGE_STANDARD = gnu11;
				GCC_NO_COMMON_BLOCKS = YES;
				GCC_WARN_64_TO_32_BIT_CONVERSION = YES;
				GCC_WARN_ABOUT_RETURN_TYPE = YES_ERROR;
				GCC_WARN_UNDECLARED_SELECTOR = YES;
				GCC_WARN_UNINITIALIZED_AUTOS = YES_AGGRESSIVE;
				GCC_WARN_UNUSED_FUNCTION = YES;
				GCC_WARN_UNUSED_VARIABLE = YES;
				IPHONEOS_DEPLOYMENT_TARGET = 12.1;
				MTL_ENABLE_DEBUG_INFO = NO;
				MTL_FAST_MATH = YES;
				SDKROOT = iphoneos;
				SWIFT_COMPILATION_MODE = wholemodule;
				SWIFT_OPTIMIZATION_LEVEL = "-O";
				VALIDATE_PRODUCT = YES;
			};
			name = Release;
		};
		84E0DC5C225A69B50018A8D5 /* Debug */ = {
			isa = XCBuildConfiguration;
			buildSettings = {
				ASSETCATALOG_COMPILER_APPICON_NAME = AppIcon;
				CODE_SIGN_STYLE = Automatic;
				DEVELOPMENT_TEAM = S47KDE6E7N;
				INFOPLIST_FILE = __Virtual_Tourist/Info.plist;
				LD_RUNPATH_SEARCH_PATHS = (
					"$(inherited)",
					"@executable_path/Frameworks",
				);
				PRODUCT_BUNDLE_IDENTIFIER = "asdf.ewr.eu.--Virtual-Tourist";
				PRODUCT_NAME = "$(TARGET_NAME)";
				SWIFT_VERSION = 4.2;
				TARGETED_DEVICE_FAMILY = "1,2";
			};
			name = Debug;
		};
		84E0DC5D225A69B50018A8D5 /* Release */ = {
			isa = XCBuildConfiguration;
			buildSettings = {
				ASSETCATALOG_COMPILER_APPICON_NAME = AppIcon;
				CODE_SIGN_STYLE = Automatic;
				DEVELOPMENT_TEAM = S47KDE6E7N;
				INFOPLIST_FILE = __Virtual_Tourist/Info.plist;
				LD_RUNPATH_SEARCH_PATHS = (
					"$(inherited)",
					"@executable_path/Frameworks",
				);
				PRODUCT_BUNDLE_IDENTIFIER = "asdf.ewr.eu.--Virtual-Tourist";
				PRODUCT_NAME = "$(TARGET_NAME)";
				SWIFT_VERSION = 4.2;
				TARGETED_DEVICE_FAMILY = "1,2";
			};
			name = Release;
		};
/* End XCBuildConfiguration section */

/* Begin XCConfigurationList section */
		84E0DC44225A69B40018A8D5 /* Build configuration list for PBXProject "__Virtual_Tourist" */ = {
			isa = XCConfigurationList;
			buildConfigurations = (
				84E0DC59225A69B50018A8D5 /* Debug */,
				84E0DC5A225A69B50018A8D5 /* Release */,
			);
			defaultConfigurationIsVisible = 0;
			defaultConfigurationName = Release;
		};
		84E0DC5B225A69B50018A8D5 /* Build configuration list for PBXNativeTarget "__Virtual_Tourist" */ = {
			isa = XCConfigurationList;
			buildConfigurations = (
				84E0DC5C225A69B50018A8D5 /* Debug */,
				84E0DC5D225A69B50018A8D5 /* Release */,
			);
			defaultConfigurationIsVisible = 0;
			defaultConfigurationName = Release;
		};
/* End XCConfigurationList section */

/* Begin XCVersionGroup section */
		8453DEE7225A7AD000B2F515 /* FlickrDataModels.xcdatamodeld */ = {
			isa = XCVersionGroup;
			children = (
				8453DEE8225A7AD000B2F515 /* FlickrDataModels.xcdatamodel */,
			);
			currentVersion = 8453DEE8225A7AD000B2F515 /* FlickrDataModels.xcdatamodel */;
			path = FlickrDataModels.xcdatamodeld;
			sourceTree = "<group>";
			versionGroupType = wrapper.xcdatamodel;
		};
/* End XCVersionGroup section */
	};
	rootObject = 84E0DC41225A69B40018A8D5 /* Project object */;
}
